
Microsoft Visual Studio Solution File, Format Version 12.00
# Visual Studio 15
VisualStudioVersion = 15.0.28010.2003
MinimumVisualStudioVersion = 10.0.40219.1
Project("{9A19103F-16F7-4668-BE54-9A1E7A4F7556}") = "phWebApplication", "phWebApplication\phWebApplication.csproj", "{CFC21812-E610-44EE-A2BB-29C1DA82F36F}"
EndProject
Project("{9A19103F-16F7-4668-BE54-9A1E7A4F7556}") = "MyRazorDemo", "MyRazorDemo\MyRazorDemo.csproj", "{D706EF3D-083A-4EC2-BBE2-558919168EC6}"
EndProject
Project("{FAE04EC0-301F-11D3-BF4B-00C04F79EFBC}") = "RFQ", "RFQ\RFQ.csproj", "{D9459B5D-8E2C-409F-A39B-96495A1A2307}"
EndProject
Project("{FAE04EC0-301F-11D3-BF4B-00C04F79EFBC}") = "Orders", "Orders\Orders.csproj", "{E0516AFA-F2DF-4DC9-A4A0-1D8C16718B9D}"
EndProject
Project("{FAE04EC0-301F-11D3-BF4B-00C04F79EFBC}") = "WaltWebApplication", "WaltWebApplication\WaltWebApplication.csproj", "{C4E50876-FB8F-48F8-8084-F25B22C0C39B}"
EndProject
Global
	GlobalSection(SolutionConfigurationPlatforms) = preSolution
		Debug|Any CPU = Debug|Any CPU
		Release|Any CPU = Release|Any CPU
	EndGlobalSection
	GlobalSection(ProjectConfigurationPlatforms) = postSolution
		{CFC21812-E610-44EE-A2BB-29C1DA82F36F}.Debug|Any CPU.ActiveCfg = Debug|Any CPU
		{CFC21812-E610-44EE-A2BB-29C1DA82F36F}.Debug|Any CPU.Build.0 = Debug|Any CPU
		{CFC21812-E610-44EE-A2BB-29C1DA82F36F}.Release|Any CPU.ActiveCfg = Release|Any CPU
		{CFC21812-E610-44EE-A2BB-29C1DA82F36F}.Release|Any CPU.Build.0 = Release|Any CPU
		{D706EF3D-083A-4EC2-BBE2-558919168EC6}.Debug|Any CPU.ActiveCfg = Debug|Any CPU
		{D706EF3D-083A-4EC2-BBE2-558919168EC6}.Debug|Any CPU.Build.0 = Debug|Any CPU
		{D706EF3D-083A-4EC2-BBE2-558919168EC6}.Release|Any CPU.ActiveCfg = Release|Any CPU
		{D706EF3D-083A-4EC2-BBE2-558919168EC6}.Release|Any CPU.Build.0 = Release|Any CPU
		{D9459B5D-8E2C-409F-A39B-96495A1A2307}.Debug|Any CPU.ActiveCfg = Debug|Any CPU
		{D9459B5D-8E2C-409F-A39B-96495A1A2307}.Debug|Any CPU.Build.0 = Debug|Any CPU
		{D9459B5D-8E2C-409F-A39B-96495A1A2307}.Release|Any CPU.ActiveCfg = Release|Any CPU
		{D9459B5D-8E2C-409F-A39B-96495A1A2307}.Release|Any CPU.Build.0 = Release|Any CPU
		{E0516AFA-F2DF-4DC9-A4A0-1D8C16718B9D}.Debug|Any CPU.ActiveCfg = Debug|Any CPU
		{E0516AFA-F2DF-4DC9-A4A0-1D8C16718B9D}.Debug|Any CPU.Build.0 = Debug|Any CPU
		{E0516AFA-F2DF-4DC9-A4A0-1D8C16718B9D}.Release|Any CPU.ActiveCfg = Release|Any CPU
		{E0516AFA-F2DF-4DC9-A4A0-1D8C16718B9D}.Release|Any CPU.Build.0 = Release|Any CPU
		{C4E50876-FB8F-48F8-8084-F25B22C0C39B}.Debug|Any CPU.ActiveCfg = Debug|Any CPU
		{C4E50876-FB8F-48F8-8084-F25B22C0C39B}.Debug|Any CPU.Build.0 = Debug|Any CPU
		{C4E50876-FB8F-48F8-8084-F25B22C0C39B}.Release|Any CPU.ActiveCfg = Release|Any CPU
		{C4E50876-FB8F-48F8-8084-F25B22C0C39B}.Release|Any CPU.Build.0 = Release|Any CPU
	EndGlobalSection
	GlobalSection(SolutionProperties) = preSolution
		HideSolutionNode = FALSE
	EndGlobalSection
	GlobalSection(ExtensibilityGlobals) = postSolution
		SolutionGuid = {B5ABB152-6E85-4F84-8627-4628836D44DA}
	EndGlobalSection
EndGlobal
